// !$*UTF8*$!
{
	archiveVersion = 1;
	classes = {
	};
	objectVersion = 55;
	objects = {

/* Begin PBXBuildFile section */
		9555D820281B1AB500267D63 /* ParentView.swift in Sources */ = {isa = PBXBuildFile; fileRef = 9555D81F281B1AB500267D63 /* ParentView.swift */; };
		9587AE29281A8A1200E5DD13 /* WordExtApp.swift in Sources */ = {isa = PBXBuildFile; fileRef = 9587AE28281A8A1200E5DD13 /* WordExtApp.swift */; };
		9587AE2B281A8A1200E5DD13 /* ExtractView.swift in Sources */ = {isa = PBXBuildFile; fileRef = 9587AE2A281A8A1200E5DD13 /* ExtractView.swift */; };
		9587AE2D281A8A1400E5DD13 /* Assets.xcassets in Resources */ = {isa = PBXBuildFile; fileRef = 9587AE2C281A8A1400E5DD13 /* Assets.xcassets */; };
		9587AE30281A8A1400E5DD13 /* Preview Assets.xcassets in Resources */ = {isa = PBXBuildFile; fileRef = 9587AE2F281A8A1400E5DD13 /* Preview Assets.xcassets */; };
		9587AE3B281A939200E5DD13 /* TextView.swift in Sources */ = {isa = PBXBuildFile; fileRef = 9587AE3A281A939200E5DD13 /* TextView.swift */; };
		9587AE3D281A978D00E5DD13 /* FlashcardsView.swift in Sources */ = {isa = PBXBuildFile; fileRef = 9587AE3C281A978D00E5DD13 /* FlashcardsView.swift */; };
		9587AE3F281B10F000E5DD13 /* WordsView.swift in Sources */ = {isa = PBXBuildFile; fileRef = 9587AE3E281B10F000E5DD13 /* WordsView.swift */; };
		9587AE41281B111400E5DD13 /* ViewRouter.swift in Sources */ = {isa = PBXBuildFile; fileRef = 9587AE40281B111400E5DD13 /* ViewRouter.swift */; };
/* End PBXBuildFile section */

/* Begin PBXFileReference section */
		9555D81F281B1AB500267D63 /* ParentView.swift */ = {isa = PBXFileReference; lastKnownFileType = sourcecode.swift; path = ParentView.swift; sourceTree = "<group>"; };
		9587AE25281A8A1200E5DD13 /* WordExt.app */ = {isa = PBXFileReference; explicitFileType = wrapper.application; includeInIndex = 0; path = WordExt.app; sourceTree = BUILT_PRODUCTS_DIR; };
		9587AE28281A8A1200E5DD13 /* WordExtApp.swift */ = {isa = PBXFileReference; lastKnownFileType = sourcecode.swift; path = WordExtApp.swift; sourceTree = "<group>"; };
		9587AE2A281A8A1200E5DD13 /* ExtractView.swift */ = {isa = PBXFileReference; lastKnownFileType = sourcecode.swift; path = ExtractView.swift; sourceTree = "<group>"; };
		9587AE2C281A8A1400E5DD13 /* Assets.xcassets */ = {isa = PBXFileReference; lastKnownFileType = folder.assetcatalog; path = Assets.xcassets; sourceTree = "<group>"; };
		9587AE2F281A8A1400E5DD13 /* Preview Assets.xcassets */ = {isa = PBXFileReference; lastKnownFileType = folder.assetcatalog; path = "Preview Assets.xcassets"; sourceTree = "<group>"; };
		9587AE3A281A939200E5DD13 /* TextView.swift */ = {isa = PBXFileReference; lastKnownFileType = sourcecode.swift; path = TextView.swift; sourceTree = "<group>"; };
		9587AE3C281A978D00E5DD13 /* FlashcardsView.swift */ = {isa = PBXFileReference; lastKnownFileType = sourcecode.swift; path = FlashcardsView.swift; sourceTree = "<group>"; };
		9587AE3E281B10F000E5DD13 /* WordsView.swift */ = {isa = PBXFileReference; lastKnownFileType = sourcecode.swift; path = WordsView.swift; sourceTree = "<group>"; };
		9587AE40281B111400E5DD13 /* ViewRouter.swift */ = {isa = PBXFileReference; lastKnownFileType = sourcecode.swift; path = ViewRouter.swift; sourceTree = "<group>"; };
/* End PBXFileReference section */

/* Begin PBXFrameworksBuildPhase section */
		9587AE22281A8A1200E5DD13 /* Frameworks */ = {
			isa = PBXFrameworksBuildPhase;
			buildActionMask = 2147483647;
			files = (
			);
			runOnlyForDeploymentPostprocessing = 0;
		};
/* End PBXFrameworksBuildPhase section */

/* Begin PBXGroup section */
		9587AE1C281A8A1200E5DD13 = {
			isa = PBXGroup;
			children = (
				9587AE27281A8A1200E5DD13 /* WordExt */,
				9587AE26281A8A1200E5DD13 /* Products */,
			);
			sourceTree = "<group>";
		};
		9587AE26281A8A1200E5DD13 /* Products */ = {
			isa = PBXGroup;
			children = (
				9587AE25281A8A1200E5DD13 /* WordExt.app */,
			);
			name = Products;
			sourceTree = "<group>";
		};
		9587AE27281A8A1200E5DD13 /* WordExt */ = {
			isa = PBXGroup;
			children = (
				9587AE28281A8A1200E5DD13 /* WordExtApp.swift */,
				9555D81F281B1AB500267D63 /* ParentView.swift */,
				9587AE2A281A8A1200E5DD13 /* ExtractView.swift */,
				9587AE3C281A978D00E5DD13 /* FlashcardsView.swift */,
				9587AE3E281B10F000E5DD13 /* WordsView.swift */,
				9587AE3A281A939200E5DD13 /* TextView.swift */,
				9587AE40281B111400E5DD13 /* ViewRouter.swift */,
				9587AE2C281A8A1400E5DD13 /* Assets.xcassets */,
				9587AE2E281A8A1400E5DD13 /* Preview Content */,
			);
			path = WordExt;
			sourceTree = "<group>";
		};
		9587AE2E281A8A1400E5DD13 /* Preview Content */ = {
			isa = PBXGroup;
			children = (
				9587AE2F281A8A1400E5DD13 /* Preview Assets.xcassets */,
			);
			path = "Preview Content";
			sourceTree = "<group>";
		};
/* End PBXGroup section */

/* Begin PBXNativeTarget section */
		9587AE24281A8A1200E5DD13 /* WordExt */ = {
			isa = PBXNativeTarget;
			buildConfigurationList = 9587AE33281A8A1400E5DD13 /* Build configuration list for PBXNativeTarget "WordExt" */;
			buildPhases = (
				9587AE21281A8A1200E5DD13 /* Sources */,
				9587AE22281A8A1200E5DD13 /* Frameworks */,
				9587AE23281A8A1200E5DD13 /* Resources */,
			);
			buildRules = (
			);
			dependencies = (
			);
			name = WordExt;
			productName = WordExt;
			productReference = 9587AE25281A8A1200E5DD13 /* WordExt.app */;
			productType = "com.apple.product-type.application";
		};
/* End PBXNativeTarget section */

/* Begin PBXProject section */
		9587AE1D281A8A1200E5DD13 /* Project object */ = {
			isa = PBXProject;
			attributes = {
				BuildIndependentTargetsInParallel = 1;
				LastSwiftUpdateCheck = 1330;
				LastUpgradeCheck = 1330;
				TargetAttributes = {
					9587AE24281A8A1200E5DD13 = {
						CreatedOnToolsVersion = 13.3.1;
					};
				};
			};
			buildConfigurationList = 9587AE20281A8A1200E5DD13 /* Build configuration list for PBXProject "WordExt" */;
			compatibilityVersion = "Xcode 13.0";
			developmentRegion = en;
			hasScannedForEncodings = 0;
			knownRegions = (
				en,
				Base,
			);
			mainGroup = 9587AE1C281A8A1200E5DD13;
			productRefGroup = 9587AE26281A8A1200E5DD13 /* Products */;
			projectDirPath = "";
			projectRoot = "";
			targets = (
				9587AE24281A8A1200E5DD13 /* WordExt */,
			);
		};
/* End PBXProject section */

/* Begin PBXResourcesBuildPhase section */
		9587AE23281A8A1200E5DD13 /* Resources */ = {
			isa = PBXResourcesBuildPhase;
			buildActionMask = 2147483647;
			files = (
				9587AE30281A8A1400E5DD13 /* Preview Assets.xcassets in Resources */,
				9587AE2D281A8A1400E5DD13 /* Assets.xcassets in Resources */,
			);
			runOnlyForDeploymentPostprocessing = 0;
		};
/* End PBXResourcesBuildPhase section */

/* Begin PBXSourcesBuildPhase section */
		9587AE21281A8A1200E5DD13 /* Sources */ = {
			isa = PBXSourcesBuildPhase;
			buildActionMask = 2147483647;
			files = (
				9587AE3B281A939200E5DD13 /* TextView.swift in Sources */,
				9587AE3F281B10F000E5DD13 /* WordsView.swift in Sources */,
				9587AE3D281A978D00E5DD13 /* FlashcardsView.swift in Sources */,
				9587AE41281B111400E5DD13 /* ViewRouter.swift in Sources */,
				9555D820281B1AB500267D63 /* ParentView.swift in Sources */,
				9587AE2B281A8A1200E5DD13 /* ExtractView.swift in Sources */,
				9587AE29281A8A1200E5DD13 /* WordExtApp.swift in Sources */,
			);
			runOnlyForDeploymentPostprocessing = 0;
		};
/* End PBXSourcesBuildPhase section */

/* Begin XCBuildConfiguration section */
		9587AE31281A8A1400E5DD13 /* Debug */ = {
			isa = XCBuildConfiguration;
			buildSettings = {
				ALWAYS_SEARCH_USER_PATHS = NO;
				CLANG_ANALYZER_NONNULL = YES;
				CLANG_ANALYZER_NUMBER_OBJECT_CONVERSION = YES_AGGRESSIVE;
				CLANG_CXX_LANGUAGE_STANDARD = "gnu++17";
				CLANG_ENABLE_MODULES = YES;
				CLANG_ENABLE_OBJC_ARC = YES;
				CLANG_ENABLE_OBJC_WEAK = YES;
				CLANG_WARN_BLOCK_CAPTURE_AUTORELEASING = YES;
				CLANG_WARN_BOOL_CONVERSION = YES;
				CLANG_WARN_COMMA = YES;
				CLANG_WARN_CONSTANT_CONVERSION = YES;
				CLANG_WARN_DEPRECATED_OBJC_IMPLEMENTATIONS = YES;
				CLANG_WARN_DIRECT_OBJC_ISA_USAGE = YES_ERROR;
				CLANG_WARN_DOCUMENTATION_COMMENTS = YES;
				CLANG_WARN_EMPTY_BODY = YES;
				CLANG_WARN_ENUM_CONVERSION = YES;
				CLANG_WARN_INFINITE_RECURSION = YES;
				CLANG_WARN_INT_CONVERSION = YES;
				CLANG_WARN_NON_LITERAL_NULL_CONVERSION = YES;
				CLANG_WARN_OBJC_IMPLICIT_RETAIN_SELF = YES;
				CLANG_WARN_OBJC_LITERAL_CONVERSION = YES;
				CLANG_WARN_OBJC_ROOT_CLASS = YES_ERROR;
				CLANG_WARN_QUOTED_INCLUDE_IN_FRAMEWORK_HEADER = YES;
				CLANG_WARN_RANGE_LOOP_ANALYSIS = YES;
				CLANG_WARN_STRICT_PROTOTYPES = YES;
				CLANG_WARN_SUSPICIOUS_MOVE = YES;
				CLANG_WARN_UNGUARDED_AVAILABILITY = YES_AGGRESSIVE;
				CLANG_WARN_UNREACHABLE_CODE = YES;
				CLANG_WARN__DUPLICATE_METHOD_MATCH = YES;
				COPY_PHASE_STRIP = NO;
				DEBUG_INFORMATION_FORMAT = dwarf;
				ENABLE_STRICT_OBJC_MSGSEND = YES;
				ENABLE_TESTABILITY = YES;
				GCC_C_LANGUAGE_STANDARD = gnu11;
				GCC_DYNAMIC_NO_PIC = NO;
				GCC_NO_COMMON_BLOCKS = YES;
				GCC_OPTIMIZATION_LEVEL = 0;
				GCC_PREPROCESSOR_DEFINITIONS = (
					"DEBUG=1",
					"$(inherited)",
				);
				GCC_WARN_64_TO_32_BIT_CONVERSION = YES;
				GCC_WARN_ABOUT_RETURN_TYPE = YES_ERROR;
				GCC_WARN_UNDECLARED_SELECTOR = YES;
				GCC_WARN_UNINITIALIZED_AUTOS = YES_AGGRESSIVE;
				GCC_WARN_UNUSED_FUNCTION = YES;
				GCC_WARN_UNUSED_VARIABLE = YES;
				IPHONEOS_DEPLOYMENT_TARGET = 15.4;
				MTL_ENABLE_DEBUG_INFO = INCLUDE_SOURCE;
				MTL_FAST_MATH = YES;
				ONLY_ACTIVE_ARCH = YES;
				SDKROOT = iphoneos;
				SWIFT_ACTIVE_COMPILATION_CONDITIONS = DEBUG;
				SWIFT_OPTIMIZATION_LEVEL = "-Onone";
			};
			name = Debug;
		};
		9587AE32281A8A1400E5DD13 /* Release */ = {
			isa = XCBuildConfiguration;
			buildSettings = {
				ALWAYS_SEARCH_USER_PATHS = NO;
				CLANG_ANALYZER_NONNULL = YES;
				CLANG_ANALYZER_NUMBER_OBJECT_CONVERSION = YES_AGGRESSIVE;
				CLANG_CXX_LANGUAGE_STANDARD = "gnu++17";
				CLANG_ENABLE_MODULES = YES;
				CLANG_ENABLE_OBJC_ARC = YES;
				CLANG_ENABLE_OBJC_WEAK = YES;
				CLANG_WARN_BLOCK_CAPTURE_AUTORELEASING = YES;
				CLANG_WARN_BOOL_CONVERSION = YES;
				CLANG_WARN_COMMA = YES;
				CLANG_WARN_CONSTANT_CONVERSION = YES;
				CLANG_WARN_DEPRECATED_OBJC_IMPLEMENTATIONS = YES;
				CLANG_WARN_DIRECT_OBJC_ISA_USAGE = YES_ERROR;
				CLANG_WARN_DOCUMENTATION_COMMENTS = YES;
				CLANG_WARN_EMPTY_BODY = YES;
				CLANG_WARN_ENUM_CONVERSION = YES;
				CLANG_WARN_INFINITE_RECURSION = YES;
				CLANG_WARN_INT_CONVERSION = YES;
				CLANG_WARN_NON_LITERAL_NULL_CONVERSION = YES;
				CLANG_WARN_OBJC_IMPLICIT_RETAIN_SELF = YES;
				CLANG_WARN_OBJC_LITERAL_CONVERSION = YES;
				CLANG_WARN_OBJC_ROOT_CLASS = YES_ERROR;
				CLANG_WARN_QUOTED_INCLUDE_IN_FRAMEWORK_HEADER = YES;
				CLANG_WARN_RANGE_LOOP_ANALYSIS = YES;
				CLANG_WARN_STRICT_PROTOTYPES = YES;
				CLANG_WARN_SUSPICIOUS_MOVE = YES;
				CLANG_WARN_UNGUARDED_AVAILABILITY = YES_AGGRESSIVE;
				CLANG_WARN_UNREACHABLE_CODE = YES;
				CLANG_WARN__DUPLICATE_METHOD_MATCH = YES;
				COPY_PHASE_STRIP = NO;
				DEBUG_INFORMATION_FORMAT = "dwarf-with-dsym";
				ENABLE_NS_ASSERTIONS = NO;
				ENABLE_STRICT_OBJC_MSGSEND = YES;
				GCC_C_LANGUAGE_STANDARD = gnu11;
				GCC_NO_COMMON_BLOCKS = YES;
				GCC_WARN_64_TO_32_BIT_CONVERSION = YES;
				GCC_WARN_ABOUT_RETURN_TYPE = YES_ERROR;
				GCC_WARN_UNDECLARED_SELECTOR = YES;
				GCC_WARN_UNINITIALIZED_AUTOS = YES_AGGRESSIVE;
				GCC_WARN_UNUSED_FUNCTION = YES;
				GCC_WARN_UNUSED_VARIABLE = YES;
				IPHONEOS_DEPLOYMENT_TARGET = 15.4;
				MTL_ENABLE_DEBUG_INFO = NO;
				MTL_FAST_MATH = YES;
				SDKROOT = iphoneos;
				SWIFT_COMPILATION_MODE = wholemodule;
				SWIFT_OPTIMIZATION_LEVEL = "-O";
				VALIDATE_PRODUCT = YES;
			};
			name = Release;
		};
		9587AE34281A8A1400E5DD13 /* Debug */ = {
			isa = XCBuildConfiguration;
			buildSettings = {
				ASSETCATALOG_COMPILER_APPICON_NAME = AppIcon;
				ASSETCATALOG_COMPILER_GLOBAL_ACCENT_COLOR_NAME = AccentColor;
				CODE_SIGN_STYLE = Automatic;
				CURRENT_PROJECT_VERSION = 1;
				DEVELOPMENT_ASSET_PATHS = "\"WordExt/Preview Content\"";
				DEVELOPMENT_TEAM = S955BH56FW;
				ENABLE_PREVIEWS = YES;
				GENERATE_INFOPLIST_FILE = YES;
				INFOPLIST_KEY_UIApplicationSceneManifest_Generation = YES;
				INFOPLIST_KEY_UIApplicationSupportsIndirectInputEvents = YES;
				INFOPLIST_KEY_UILaunchScreen_Generation = YES;
				INFOPLIST_KEY_UISupportedInterfaceOrientations_iPad = "UIInterfaceOrientationPortrait UIInterfaceOrientationPortraitUpsideDown UIInterfaceOrientationLandscapeLeft UIInterfaceOrientationLandscapeRight";
				INFOPLIST_KEY_UISupportedInterfaceOrientations_iPhone = "UIInterfaceOrientationPortrait UIInterfaceOrientationLandscapeLeft UIInterfaceOrientationLandscapeRight";
				LD_RUNPATH_SEARCH_PATHS = (
					"$(inherited)",
					"@executable_path/Frameworks",
				);
				MARKETING_VERSION = 1.0;
				PRODUCT_BUNDLE_IDENTIFIER = kego.WordExt;
				PRODUCT_NAME = "$(TARGET_NAME)";
				SWIFT_EMIT_LOC_STRINGS = YES;
				SWIFT_VERSION = 5.0;
				TARGETED_DEVICE_FAMILY = "1,2";
			};
			name = Debug;
		};
		9587AE35281A8A1400E5DD13 /* Release */ = {
			isa = XCBuildConfiguration;
			buildSettings = {
				ASSETCATALOG_COMPILER_APPICON_NAME = AppIcon;
				ASSETCATALOG_COMPILER_GLOBAL_ACCENT_COLOR_NAME = AccentColor;
				CODE_SIGN_STYLE = Automatic;
				CURRENT_PROJECT_VERSION = 1;
				DEVELOPMENT_ASSET_PATHS = "\"WordExt/Preview Content\"";
				DEVELOPMENT_TEAM = S955BH56FW;
				ENABLE_PREVIEWS = YES;
				GENERATE_INFOPLIST_FILE = YES;
				INFOPLIST_KEY_UIApplicationSceneManifest_Generation = YES;
				INFOPLIST_KEY_UIApplicationSupportsIndirectInputEvents = YES;
				INFOPLIST_KEY_UILaunchScreen_Generation = YES;
				INFOPLIST_KEY_UISupportedInterfaceOrientations_iPad = "UIInterfaceOrientationPortrait UIInterfaceOrientationPortraitUpsideDown UIInterfaceOrientationLandscapeLeft UIInterfaceOrientationLandscapeRight";
				INFOPLIST_KEY_UISupportedInterfaceOrientations_iPhone = "UIInterfaceOrientationPortrait UIInterfaceOrientationLandscapeLeft UIInterfaceOrientationLandscapeRight";
				LD_RUNPATH_SEARCH_PATHS = (
					"$(inherited)",
					"@executable_path/Frameworks",
				);
				MARKETING_VERSION = 1.0;
				PRODUCT_BUNDLE_IDENTIFIER = kego.WordExt;
				PRODUCT_NAME = "$(TARGET_NAME)";
				SWIFT_EMIT_LOC_STRINGS = YES;
				SWIFT_VERSION = 5.0;
				TARGETED_DEVICE_FAMILY = "1,2";
			};
			name = Release;
		};
/* End XCBuildConfiguration section */

/* Begin XCConfigurationList section */
		9587AE20281A8A1200E5DD13 /* Build configuration list for PBXProject "WordExt" */ = {
			isa = XCConfigurationList;
			buildConfigurations = (
				9587AE31281A8A1400E5DD13 /* Debug */,
				9587AE32281A8A1400E5DD13 /* Release */,
			);
			defaultConfigurationIsVisible = 0;
			defaultConfigurationName = Release;
		};
		9587AE33281A8A1400E5DD13 /* Build configuration list for PBXNativeTarget "WordExt" */ = {
			isa = XCConfigurationList;
			buildConfigurations = (
				9587AE34281A8A1400E5DD13 /* Debug */,
				9587AE35281A8A1400E5DD13 /* Release */,
			);
			defaultConfigurationIsVisible = 0;
			defaultConfigurationName = Release;
		};
/* End XCConfigurationList section */
	};
	rootObject = 9587AE1D281A8A1200E5DD13 /* Project object */;
}
